
Microsoft Visual Studio Solution File, Format Version 12.00
# Visual Studio 15
VisualStudioVersion = 15.0.27004.2009
MinimumVisualStudioVersion = 10.0.40219.1
Project("{9A19103F-16F7-4668-BE54-9A1E7A4F7556}") = "Nexogen.Libraries.Metrics", "Nexogen.Libraries.Metrics\Nexogen.Libraries.Metrics.csproj", "{8F423DC2-7CC3-4850-84F2-0193CCC42BA1}"
EndProject
Project("{9A19103F-16F7-4668-BE54-9A1E7A4F7556}") = "Nexogen.Libraries.Metrics.Example", "Nexogen.Libraries.Metrics.Example\Nexogen.Libraries.Metrics.Example.csproj", "{8D9D59C9-46C7-4A36-BD96-1F2D90CE3926}"
EndProject
Project("{9A19103F-16F7-4668-BE54-9A1E7A4F7556}") = "Nexogen.Libraries.Metrics.ExampleWeb", "Nexogen.Libraries.Metrics.ExampleWeb\Nexogen.Libraries.Metrics.ExampleWeb.csproj", "{FF2B3539-9E59-462C-A011-EAC4DC5BE054}"
EndProject
Project("{9A19103F-16F7-4668-BE54-9A1E7A4F7556}") = "Nexogen.Libraries.Metrics.Extensions", "Nexogen.Libraries.Metrics.Extensions\Nexogen.Libraries.Metrics.Extensions.csproj", "{6543B8FE-B658-47A2-B693-7AF868D9A1EB}"
EndProject
Project("{9A19103F-16F7-4668-BE54-9A1E7A4F7556}") = "Nexogen.Libraries.Metrics.Prometheus", "Nexogen.Libraries.Metrics.Prometheus\Nexogen.Libraries.Metrics.Prometheus.csproj", "{6C7DD617-3D73-48F7-A376-116A5C91D796}"
EndProject
Project("{9A19103F-16F7-4668-BE54-9A1E7A4F7556}") = "Nexogen.Libraries.Metrics.Prometheus.AspCore", "Nexogen.Libraries.Metrics.Prometheus.AspCore\Nexogen.Libraries.Metrics.Prometheus.AspCore.csproj", "{3C053277-C97D-4F2E-B412-E492950D3056}"
EndProject
Project("{9A19103F-16F7-4668-BE54-9A1E7A4F7556}") = "Nexogen.Libraries.Metrics.UnitTests", "Nexogen.Libraries.Metrics.UnitTests\Nexogen.Libraries.Metrics.UnitTests.csproj", "{88DAE127-3053-4906-9C10-0A17E956128B}"
EndProject
Project("{9A19103F-16F7-4668-BE54-9A1E7A4F7556}") = "Nexogen.Libraries.Metrics.Prometheus.PushGateway", "Nexogen.Libraries.Metrics.Prometheus.PushGateway\Nexogen.Libraries.Metrics.Prometheus.PushGateway.csproj", "{0198B66E-9667-44C5-9CEB-B3D214DC6880}"
EndProject
Project("{9A19103F-16F7-4668-BE54-9A1E7A4F7556}") = "Nexogen.Libraries.Metrics.Prometheus.AspCoreTests", "Nexogen.Libraries.Metrics.Prometheus.AspCoreTests\Nexogen.Libraries.Metrics.Prometheus.AspCoreTests.csproj", "{40669B91-CD05-4ECB-8365-20C498122C81}"
EndProject
Global
	GlobalSection(SolutionConfigurationPlatforms) = preSolution
		Debug|Any CPU = Debug|Any CPU
		Release|Any CPU = Release|Any CPU
	EndGlobalSection
	GlobalSection(ProjectConfigurationPlatforms) = postSolution
		{8F423DC2-7CC3-4850-84F2-0193CCC42BA1}.Debug|Any CPU.ActiveCfg = Debug|Any CPU
		{8F423DC2-7CC3-4850-84F2-0193CCC42BA1}.Debug|Any CPU.Build.0 = Debug|Any CPU
		{8F423DC2-7CC3-4850-84F2-0193CCC42BA1}.Release|Any CPU.ActiveCfg = Release|Any CPU
		{8F423DC2-7CC3-4850-84F2-0193CCC42BA1}.Release|Any CPU.Build.0 = Release|Any CPU
		{8D9D59C9-46C7-4A36-BD96-1F2D90CE3926}.Debug|Any CPU.ActiveCfg = Debug|Any CPU
		{8D9D59C9-46C7-4A36-BD96-1F2D90CE3926}.Debug|Any CPU.Build.0 = Debug|Any CPU
		{8D9D59C9-46C7-4A36-BD96-1F2D90CE3926}.Release|Any CPU.ActiveCfg = Release|Any CPU
		{8D9D59C9-46C7-4A36-BD96-1F2D90CE3926}.Release|Any CPU.Build.0 = Release|Any CPU
		{FF2B3539-9E59-462C-A011-EAC4DC5BE054}.Debug|Any CPU.ActiveCfg = Debug|Any CPU
		{FF2B3539-9E59-462C-A011-EAC4DC5BE054}.Debug|Any CPU.Build.0 = Debug|Any CPU
		{FF2B3539-9E59-462C-A011-EAC4DC5BE054}.Release|Any CPU.ActiveCfg = Release|Any CPU
		{FF2B3539-9E59-462C-A011-EAC4DC5BE054}.Release|Any CPU.Build.0 = Release|Any CPU
		{6543B8FE-B658-47A2-B693-7AF868D9A1EB}.Debug|Any CPU.ActiveCfg = Debug|Any CPU
		{6543B8FE-B658-47A2-B693-7AF868D9A1EB}.Debug|Any CPU.Build.0 = Debug|Any CPU
		{6543B8FE-B658-47A2-B693-7AF868D9A1EB}.Release|Any CPU.ActiveCfg = Release|Any CPU
		{6543B8FE-B658-47A2-B693-7AF868D9A1EB}.Release|Any CPU.Build.0 = Release|Any CPU
		{6C7DD617-3D73-48F7-A376-116A5C91D796}.Debug|Any CPU.ActiveCfg = Debug|Any CPU
		{6C7DD617-3D73-48F7-A376-116A5C91D796}.Debug|Any CPU.Build.0 = Debug|Any CPU
		{6C7DD617-3D73-48F7-A376-116A5C91D796}.Release|Any CPU.ActiveCfg = Release|Any CPU
		{6C7DD617-3D73-48F7-A376-116A5C91D796}.Release|Any CPU.Build.0 = Release|Any CPU
		{3C053277-C97D-4F2E-B412-E492950D3056}.Debug|Any CPU.ActiveCfg = Debug|Any CPU
		{3C053277-C97D-4F2E-B412-E492950D3056}.Debug|Any CPU.Build.0 = Debug|Any CPU
		{3C053277-C97D-4F2E-B412-E492950D3056}.Release|Any CPU.ActiveCfg = Release|Any CPU
		{3C053277-C97D-4F2E-B412-E492950D3056}.Release|Any CPU.Build.0 = Release|Any CPU
		{88DAE127-3053-4906-9C10-0A17E956128B}.Debug|Any CPU.ActiveCfg = Debug|Any CPU
		{88DAE127-3053-4906-9C10-0A17E956128B}.Debug|Any CPU.Build.0 = Debug|Any CPU
		{88DAE127-3053-4906-9C10-0A17E956128B}.Release|Any CPU.ActiveCfg = Release|Any CPU
		{88DAE127-3053-4906-9C10-0A17E956128B}.Release|Any CPU.Build.0 = Release|Any CPU
		{0198B66E-9667-44C5-9CEB-B3D214DC6880}.Debug|Any CPU.ActiveCfg = Debug|Any CPU
		{0198B66E-9667-44C5-9CEB-B3D214DC6880}.Debug|Any CPU.Build.0 = Debug|Any CPU
		{0198B66E-9667-44C5-9CEB-B3D214DC6880}.Release|Any CPU.ActiveCfg = Release|Any CPU
		{0198B66E-9667-44C5-9CEB-B3D214DC6880}.Release|Any CPU.Build.0 = Release|Any CPU
		{40669B91-CD05-4ECB-8365-20C498122C81}.Debug|Any CPU.ActiveCfg = Debug|Any CPU
		{40669B91-CD05-4ECB-8365-20C498122C81}.Debug|Any CPU.Build.0 = Debug|Any CPU
		{40669B91-CD05-4ECB-8365-20C498122C81}.Release|Any CPU.ActiveCfg = Release|Any CPU
		{40669B91-CD05-4ECB-8365-20C498122C81}.Release|Any CPU.Build.0 = Release|Any CPU
	EndGlobalSection
	GlobalSection(SolutionProperties) = preSolution
		HideSolutionNode = FALSE
	EndGlobalSection
	GlobalSection(ExtensibilityGlobals) = postSolution
		SolutionGuid = {A2586AB4-2BD9-4F92-A1FE-4D6074A5448B}
	EndGlobalSection
EndGlobal
